
Microsoft Visual Studio Solution File, Format Version 12.00
# Visual Studio Version 16
VisualStudioVersion = 16.0.31410.357
MinimumVisualStudioVersion = 10.0.40219.1
Project("{FAE04EC0-301F-11D3-BF4B-00C04F79EFBC}") = "01. Match Full Name", "01. Match Full Name\01. Match Full Name.csproj", "{D01D01A3-9708-4C07-8599-D27622A4F58C}"
EndProject
Project("{FAE04EC0-301F-11D3-BF4B-00C04F79EFBC}") = "02. Match Phone Number", "02. Match Phone Number\02. Match Phone Number.csproj", "{D5E70EB2-F262-452D-8030-9BE1DD663A97}"
EndProject
Project("{FAE04EC0-301F-11D3-BF4B-00C04F79EFBC}") = "03. Match Dates", "03. Match Dates\03. Match Dates.csproj", "{3FDB02AA-6F7A-45A7-9504-EE889FE30449}"
EndProject
Global
	GlobalSection(SolutionConfigurationPlatforms) = preSolution
		Debug|Any CPU = Debug|Any CPU
		Release|Any CPU = Release|Any CPU
	EndGlobalSection
	GlobalSection(ProjectConfigurationPlatforms) = postSolution
		{D01D01A3-9708-4C07-8599-D27622A4F58C}.Debug|Any CPU.ActiveCfg = Debug|Any CPU
		{D01D01A3-9708-4C07-8599-D27622A4F58C}.Debug|Any CPU.Build.0 = Debug|Any CPU
		{D01D01A3-9708-4C07-8599-D27622A4F58C}.Release|Any CPU.ActiveCfg = Release|Any CPU
		{D01D01A3-9708-4C07-8599-D27622A4F58C}.Release|Any CPU.Build.0 = Release|Any CPU
		{D5E70EB2-F262-452D-8030-9BE1DD663A97}.Debug|Any CPU.ActiveCfg = Debug|Any CPU
		{D5E70EB2-F262-452D-8030-9BE1DD663A97}.Debug|Any CPU.Build.0 = Debug|Any CPU
		{D5E70EB2-F262-452D-8030-9BE1DD663A97}.Release|Any CPU.ActiveCfg = Release|Any CPU
		{D5E70EB2-F262-452D-8030-9BE1DD663A97}.Release|Any CPU.Build.0 = Release|Any CPU
		{3FDB02AA-6F7A-45A7-9504-EE889FE30449}.Debug|Any CPU.ActiveCfg = Debug|Any CPU
		{3FDB02AA-6F7A-45A7-9504-EE889FE30449}.Debug|Any CPU.Build.0 = Debug|Any CPU
		{3FDB02AA-6F7A-45A7-9504-EE889FE30449}.Release|Any CPU.ActiveCfg = Release|Any CPU
		{3FDB02AA-6F7A-45A7-9504-EE889FE30449}.Release|Any CPU.Build.0 = Release|Any CPU
	EndGlobalSection
	GlobalSection(SolutionProperties) = preSolution
		HideSolutionNode = FALSE
	EndGlobalSection
	GlobalSection(ExtensibilityGlobals) = postSolution
		SolutionGuid = {9B170736-3E42-411B-BA7C-633FED2412EA}
	EndGlobalSection
EndGlobal
